
Microsoft Visual Studio Solution File, Format Version 12.00
# Visual Studio Version 17
VisualStudioVersion = 17.0.31903.59
MinimumVisualStudioVersion = 10.0.40219.1
Project("{FAE04EC0-301F-11D3-BF4B-00C04F79EFBC}") = "Api.FinancialProduct", "src\Services\FinancialProduct\Api.FinancialProduct\Api.FinancialProduct.csproj", "{F3102CCC-FEE5-4F84-8B7A-276FD69DEB6B}"
EndProject
Project("{FAE04EC0-301F-11D3-BF4B-00C04F79EFBC}") = "Api.FinancialProduct.Domain", "src\Services\FinancialProduct\Api.FinancialProduct.Domain\Api.FinancialProduct.Domain.csproj", "{D6463B95-D2D1-4312-A54F-39B651457265}"
EndProject
Project("{FAE04EC0-301F-11D3-BF4B-00C04F79EFBC}") = "Api.FinancialProduct.Infrastructure", "src\Services\FinancialProduct\Api.FinancialProduct.Infrastructure\Api.FinancialProduct.Infrastructure.csproj", "{797624B6-1BB8-4D31-9F48-279B46C0D791}"
EndProject
Project("{FAE04EC0-301F-11D3-BF4B-00C04F79EFBC}") = "Api.FinancialProduct.Application", "src\Services\FinancialProduct\Api.FinancialProduct.Application\Api.FinancialProduct.Application.csproj", "{EC374E9F-9B2F-4DAC-BFF7-6D4EC5195B5D}"
EndProject
Project("{2150E333-8FDC-42A3-9474-1A3956D46DE8}") = "src", "src", "{D64F443B-A7F2-4FF6-9779-66D64BCD474E}"
EndProject
Project("{2150E333-8FDC-42A3-9474-1A3956D46DE8}") = "Services", "Services", "{F1BB6A74-74F6-40E6-BE40-FAF59729FA11}"
EndProject
Project("{2150E333-8FDC-42A3-9474-1A3956D46DE8}") = "FinancialProduct", "FinancialProduct", "{13047EF4-AE5C-4D20-95C4-C26CF952018A}"
EndProject
Project("{2150E333-8FDC-42A3-9474-1A3956D46DE8}") = "Shared", "Shared", "{868B5D3F-68ED-4C83-8BBA-7D4645855EC9}"
EndProject
Project("{FAE04EC0-301F-11D3-BF4B-00C04F79EFBC}") = "InvestmentManager.Shared.Utilities", "src\Shared\InvestmentManager.Shared.Utilities\InvestmentManager.Shared.Utilities.csproj", "{60E46B19-1DEF-44CD-885A-009B5B47F160}"
EndProject
Project("{2150E333-8FDC-42A3-9474-1A3956D46DE8}") = "Solution Items", "Solution Items", "{45305DA1-8876-4FE9-9FED-651B8461082B}"
	ProjectSection(SolutionItems) = preProject
		docker-compose.yml = docker-compose.yml
	EndProjectSection
EndProject
Project("{FAE04EC0-301F-11D3-BF4B-00C04F79EFBC}") = "InvestmentManager.Shared.Configurations", "src\Shared\InvestmentManager.Shared.Configurations\InvestmentManager.Shared.Configurations.csproj", "{8BEC0345-9B10-4481-B3F9-DACE6A9020CF}"
EndProject
Project("{2150E333-8FDC-42A3-9474-1A3956D46DE8}") = "Auth", "Auth", "{7CFEFC7E-C1F9-4EF4-A5ED-5927ADDC4ED0}"
EndProject
Project("{FAE04EC0-301F-11D3-BF4B-00C04F79EFBC}") = "Api.Auth", "src\Services\Auth\Api.Auth\Api.Auth.csproj", "{7A5D0269-385E-4520-B882-BE72A07AC814}"
EndProject
Project("{FAE04EC0-301F-11D3-BF4B-00C04F79EFBC}") = "Api.Auth.Infrastructure", "src\Services\Auth\Api.Auth.Infrastructure\Api.Auth.Infrastructure.csproj", "{F9445C95-691C-4E32-A59E-1F630FABE643}"
EndProject
Project("{FAE04EC0-301F-11D3-BF4B-00C04F79EFBC}") = "Api.Auth.Domain", "src\Services\Auth\Api.Auth.Domain\Api.Auth.Domain.csproj", "{87DA563C-FD8E-4B0A-8C56-86A3B01FBDC1}"
EndProject
Project("{FAE04EC0-301F-11D3-BF4B-00C04F79EFBC}") = "Api.Auth.Application", "src\Services\Auth\Api.Auth.Application\Api.Auth.Application.csproj", "{6CEF88A9-726C-4824-9996-E8DE02230929}"
EndProject
Project("{2150E333-8FDC-42A3-9474-1A3956D46DE8}") = "Negotiation", "Negotiation", "{8C5E7223-2768-48D3-81A4-4642D4100F4E}"
EndProject
Project("{FAE04EC0-301F-11D3-BF4B-00C04F79EFBC}") = "Api.Negotiation", "src\Services\Negotiation\Api.Negotiation\Api.Negotiation.csproj", "{AEA18594-0E3E-457D-AF65-F15955D9C47D}"
EndProject
Project("{FAE04EC0-301F-11D3-BF4B-00C04F79EFBC}") = "Api.Negotiation.Application", "src\Services\Negotiation\Api.Negotiation.Application\Api.Negotiation.Application.csproj", "{A852509D-ECC7-4DB7-8FA6-68953B0C62EB}"
EndProject
Project("{FAE04EC0-301F-11D3-BF4B-00C04F79EFBC}") = "Api.Negotiation.Infrastructure", "src\Services\Negotiation\Api.Negotiation.Infrastructure\Api.Negotiation.Infrastructure.csproj", "{966012B4-187E-40DD-85F6-3FE98EF2DB34}"
EndProject
Project("{FAE04EC0-301F-11D3-BF4B-00C04F79EFBC}") = "Api.Negotiation.Domain", "src\Services\Negotiation\Api.Negotiation.Domain\Api.Negotiation.Domain.csproj", "{F44D5615-28F7-4043-8144-1338B1CAD2D7}"
EndProject
Project("{2150E333-8FDC-42A3-9474-1A3956D46DE8}") = "Notification", "Notification", "{849F5B07-3FEB-4BA3-8839-519C2C0A1501}"
EndProject
Project("{FAE04EC0-301F-11D3-BF4B-00C04F79EFBC}") = "Job.Notification", "src\Services\Notification\Job.Notification\Job.Notification.csproj", "{3178EF4B-8E5C-4FAD-B876-12C0F8D11998}"
EndProject
Project("{2150E333-8FDC-42A3-9474-1A3956D46DE8}") = "tests", "tests", "{406A443D-A106-40CA-8140-EF9AAE808E30}"
EndProject
Project("{FAE04EC0-301F-11D3-BF4B-00C04F79EFBC}") = "AuthService.UnitTests", "tests\AuthService.UnitTests\AuthService.UnitTests.csproj", "{FE7B288A-833E-4294-97D4-9D027C9D48F9}"
EndProject
Project("{FAE04EC0-301F-11D3-BF4B-00C04F79EFBC}") = "FinancialProduct.UnitTests", "tests\FinancialProduct.UnitTests\FinancialProduct.UnitTests.csproj", "{3295767D-7CEE-4326-8B2F-8777B1C44C26}"
EndProject
Global
	GlobalSection(SolutionProperties) = preSolution
		HideSolutionNode = FALSE
	EndGlobalSection
	GlobalSection(SolutionConfigurationPlatforms) = preSolution
		Debug|Any CPU = Debug|Any CPU
		Debug|x64 = Debug|x64
		Debug|x86 = Debug|x86
		Release|Any CPU = Release|Any CPU
		Release|x64 = Release|x64
		Release|x86 = Release|x86
	EndGlobalSection
	GlobalSection(ProjectConfigurationPlatforms) = postSolution
		{F3102CCC-FEE5-4F84-8B7A-276FD69DEB6B}.Debug|Any CPU.ActiveCfg = Debug|Any CPU
		{F3102CCC-FEE5-4F84-8B7A-276FD69DEB6B}.Debug|Any CPU.Build.0 = Debug|Any CPU
		{F3102CCC-FEE5-4F84-8B7A-276FD69DEB6B}.Debug|x64.ActiveCfg = Debug|Any CPU
		{F3102CCC-FEE5-4F84-8B7A-276FD69DEB6B}.Debug|x64.Build.0 = Debug|Any CPU
		{F3102CCC-FEE5-4F84-8B7A-276FD69DEB6B}.Debug|x86.ActiveCfg = Debug|Any CPU
		{F3102CCC-FEE5-4F84-8B7A-276FD69DEB6B}.Debug|x86.Build.0 = Debug|Any CPU
		{F3102CCC-FEE5-4F84-8B7A-276FD69DEB6B}.Release|Any CPU.ActiveCfg = Release|Any CPU
		{F3102CCC-FEE5-4F84-8B7A-276FD69DEB6B}.Release|Any CPU.Build.0 = Release|Any CPU
		{F3102CCC-FEE5-4F84-8B7A-276FD69DEB6B}.Release|x64.ActiveCfg = Release|Any CPU
		{F3102CCC-FEE5-4F84-8B7A-276FD69DEB6B}.Release|x64.Build.0 = Release|Any CPU
		{F3102CCC-FEE5-4F84-8B7A-276FD69DEB6B}.Release|x86.ActiveCfg = Release|Any CPU
		{F3102CCC-FEE5-4F84-8B7A-276FD69DEB6B}.Release|x86.Build.0 = Release|Any CPU
		{D6463B95-D2D1-4312-A54F-39B651457265}.Debug|Any CPU.ActiveCfg = Debug|Any CPU
		{D6463B95-D2D1-4312-A54F-39B651457265}.Debug|Any CPU.Build.0 = Debug|Any CPU
		{D6463B95-D2D1-4312-A54F-39B651457265}.Debug|x64.ActiveCfg = Debug|Any CPU
		{D6463B95-D2D1-4312-A54F-39B651457265}.Debug|x64.Build.0 = Debug|Any CPU
		{D6463B95-D2D1-4312-A54F-39B651457265}.Debug|x86.ActiveCfg = Debug|Any CPU
		{D6463B95-D2D1-4312-A54F-39B651457265}.Debug|x86.Build.0 = Debug|Any CPU
		{D6463B95-D2D1-4312-A54F-39B651457265}.Release|Any CPU.ActiveCfg = Release|Any CPU
		{D6463B95-D2D1-4312-A54F-39B651457265}.Release|Any CPU.Build.0 = Release|Any CPU
		{D6463B95-D2D1-4312-A54F-39B651457265}.Release|x64.ActiveCfg = Release|Any CPU
		{D6463B95-D2D1-4312-A54F-39B651457265}.Release|x64.Build.0 = Release|Any CPU
		{D6463B95-D2D1-4312-A54F-39B651457265}.Release|x86.ActiveCfg = Release|Any CPU
		{D6463B95-D2D1-4312-A54F-39B651457265}.Release|x86.Build.0 = Release|Any CPU
		{797624B6-1BB8-4D31-9F48-279B46C0D791}.Debug|Any CPU.ActiveCfg = Debug|Any CPU
		{797624B6-1BB8-4D31-9F48-279B46C0D791}.Debug|Any CPU.Build.0 = Debug|Any CPU
		{797624B6-1BB8-4D31-9F48-279B46C0D791}.Debug|x64.ActiveCfg = Debug|Any CPU
		{797624B6-1BB8-4D31-9F48-279B46C0D791}.Debug|x64.Build.0 = Debug|Any CPU
		{797624B6-1BB8-4D31-9F48-279B46C0D791}.Debug|x86.ActiveCfg = Debug|Any CPU
		{797624B6-1BB8-4D31-9F48-279B46C0D791}.Debug|x86.Build.0 = Debug|Any CPU
		{797624B6-1BB8-4D31-9F48-279B46C0D791}.Release|Any CPU.ActiveCfg = Release|Any CPU
		{797624B6-1BB8-4D31-9F48-279B46C0D791}.Release|Any CPU.Build.0 = Release|Any CPU
		{797624B6-1BB8-4D31-9F48-279B46C0D791}.Release|x64.ActiveCfg = Release|Any CPU
		{797624B6-1BB8-4D31-9F48-279B46C0D791}.Release|x64.Build.0 = Release|Any CPU
		{797624B6-1BB8-4D31-9F48-279B46C0D791}.Release|x86.ActiveCfg = Release|Any CPU
		{797624B6-1BB8-4D31-9F48-279B46C0D791}.Release|x86.Build.0 = Release|Any CPU
		{EC374E9F-9B2F-4DAC-BFF7-6D4EC5195B5D}.Debug|Any CPU.ActiveCfg = Debug|Any CPU
		{EC374E9F-9B2F-4DAC-BFF7-6D4EC5195B5D}.Debug|Any CPU.Build.0 = Debug|Any CPU
		{EC374E9F-9B2F-4DAC-BFF7-6D4EC5195B5D}.Debug|x64.ActiveCfg = Debug|Any CPU
		{EC374E9F-9B2F-4DAC-BFF7-6D4EC5195B5D}.Debug|x64.Build.0 = Debug|Any CPU
		{EC374E9F-9B2F-4DAC-BFF7-6D4EC5195B5D}.Debug|x86.ActiveCfg = Debug|Any CPU
		{EC374E9F-9B2F-4DAC-BFF7-6D4EC5195B5D}.Debug|x86.Build.0 = Debug|Any CPU
		{EC374E9F-9B2F-4DAC-BFF7-6D4EC5195B5D}.Release|Any CPU.ActiveCfg = Release|Any CPU
		{EC374E9F-9B2F-4DAC-BFF7-6D4EC5195B5D}.Release|Any CPU.Build.0 = Release|Any CPU
		{EC374E9F-9B2F-4DAC-BFF7-6D4EC5195B5D}.Release|x64.ActiveCfg = Release|Any CPU
		{EC374E9F-9B2F-4DAC-BFF7-6D4EC5195B5D}.Release|x64.Build.0 = Release|Any CPU
		{EC374E9F-9B2F-4DAC-BFF7-6D4EC5195B5D}.Release|x86.ActiveCfg = Release|Any CPU
		{EC374E9F-9B2F-4DAC-BFF7-6D4EC5195B5D}.Release|x86.Build.0 = Release|Any CPU
		{60E46B19-1DEF-44CD-885A-009B5B47F160}.Debug|Any CPU.ActiveCfg = Debug|Any CPU
		{60E46B19-1DEF-44CD-885A-009B5B47F160}.Debug|Any CPU.Build.0 = Debug|Any CPU
		{60E46B19-1DEF-44CD-885A-009B5B47F160}.Debug|x64.ActiveCfg = Debug|Any CPU
		{60E46B19-1DEF-44CD-885A-009B5B47F160}.Debug|x64.Build.0 = Debug|Any CPU
		{60E46B19-1DEF-44CD-885A-009B5B47F160}.Debug|x86.ActiveCfg = Debug|Any CPU
		{60E46B19-1DEF-44CD-885A-009B5B47F160}.Debug|x86.Build.0 = Debug|Any CPU
		{60E46B19-1DEF-44CD-885A-009B5B47F160}.Release|Any CPU.ActiveCfg = Release|Any CPU
		{60E46B19-1DEF-44CD-885A-009B5B47F160}.Release|Any CPU.Build.0 = Release|Any CPU
		{60E46B19-1DEF-44CD-885A-009B5B47F160}.Release|x64.ActiveCfg = Release|Any CPU
		{60E46B19-1DEF-44CD-885A-009B5B47F160}.Release|x64.Build.0 = Release|Any CPU
		{60E46B19-1DEF-44CD-885A-009B5B47F160}.Release|x86.ActiveCfg = Release|Any CPU
		{60E46B19-1DEF-44CD-885A-009B5B47F160}.Release|x86.Build.0 = Release|Any CPU
		{8BEC0345-9B10-4481-B3F9-DACE6A9020CF}.Debug|Any CPU.ActiveCfg = Debug|Any CPU
		{8BEC0345-9B10-4481-B3F9-DACE6A9020CF}.Debug|Any CPU.Build.0 = Debug|Any CPU
		{8BEC0345-9B10-4481-B3F9-DACE6A9020CF}.Debug|x64.ActiveCfg = Debug|Any CPU
		{8BEC0345-9B10-4481-B3F9-DACE6A9020CF}.Debug|x64.Build.0 = Debug|Any CPU
		{8BEC0345-9B10-4481-B3F9-DACE6A9020CF}.Debug|x86.ActiveCfg = Debug|Any CPU
		{8BEC0345-9B10-4481-B3F9-DACE6A9020CF}.Debug|x86.Build.0 = Debug|Any CPU
		{8BEC0345-9B10-4481-B3F9-DACE6A9020CF}.Release|Any CPU.ActiveCfg = Release|Any CPU
		{8BEC0345-9B10-4481-B3F9-DACE6A9020CF}.Release|Any CPU.Build.0 = Release|Any CPU
		{8BEC0345-9B10-4481-B3F9-DACE6A9020CF}.Release|x64.ActiveCfg = Release|Any CPU
		{8BEC0345-9B10-4481-B3F9-DACE6A9020CF}.Release|x64.Build.0 = Release|Any CPU
		{8BEC0345-9B10-4481-B3F9-DACE6A9020CF}.Release|x86.ActiveCfg = Release|Any CPU
		{8BEC0345-9B10-4481-B3F9-DACE6A9020CF}.Release|x86.Build.0 = Release|Any CPU
		{7A5D0269-385E-4520-B882-BE72A07AC814}.Debug|Any CPU.ActiveCfg = Debug|Any CPU
		{7A5D0269-385E-4520-B882-BE72A07AC814}.Debug|Any CPU.Build.0 = Debug|Any CPU
		{7A5D0269-385E-4520-B882-BE72A07AC814}.Debug|x64.ActiveCfg = Debug|Any CPU
		{7A5D0269-385E-4520-B882-BE72A07AC814}.Debug|x64.Build.0 = Debug|Any CPU
		{7A5D0269-385E-4520-B882-BE72A07AC814}.Debug|x86.ActiveCfg = Debug|Any CPU
		{7A5D0269-385E-4520-B882-BE72A07AC814}.Debug|x86.Build.0 = Debug|Any CPU
		{7A5D0269-385E-4520-B882-BE72A07AC814}.Release|Any CPU.ActiveCfg = Release|Any CPU
		{7A5D0269-385E-4520-B882-BE72A07AC814}.Release|Any CPU.Build.0 = Release|Any CPU
		{7A5D0269-385E-4520-B882-BE72A07AC814}.Release|x64.ActiveCfg = Release|Any CPU
		{7A5D0269-385E-4520-B882-BE72A07AC814}.Release|x64.Build.0 = Release|Any CPU
		{7A5D0269-385E-4520-B882-BE72A07AC814}.Release|x86.ActiveCfg = Release|Any CPU
		{7A5D0269-385E-4520-B882-BE72A07AC814}.Release|x86.Build.0 = Release|Any CPU
		{F9445C95-691C-4E32-A59E-1F630FABE643}.Debug|Any CPU.ActiveCfg = Debug|Any CPU
		{F9445C95-691C-4E32-A59E-1F630FABE643}.Debug|Any CPU.Build.0 = Debug|Any CPU
		{F9445C95-691C-4E32-A59E-1F630FABE643}.Debug|x64.ActiveCfg = Debug|Any CPU
		{F9445C95-691C-4E32-A59E-1F630FABE643}.Debug|x64.Build.0 = Debug|Any CPU
		{F9445C95-691C-4E32-A59E-1F630FABE643}.Debug|x86.ActiveCfg = Debug|Any CPU
		{F9445C95-691C-4E32-A59E-1F630FABE643}.Debug|x86.Build.0 = Debug|Any CPU
		{F9445C95-691C-4E32-A59E-1F630FABE643}.Release|Any CPU.ActiveCfg = Release|Any CPU
		{F9445C95-691C-4E32-A59E-1F630FABE643}.Release|Any CPU.Build.0 = Release|Any CPU
		{F9445C95-691C-4E32-A59E-1F630FABE643}.Release|x64.ActiveCfg = Release|Any CPU
		{F9445C95-691C-4E32-A59E-1F630FABE643}.Release|x64.Build.0 = Release|Any CPU
		{F9445C95-691C-4E32-A59E-1F630FABE643}.Release|x86.ActiveCfg = Release|Any CPU
		{F9445C95-691C-4E32-A59E-1F630FABE643}.Release|x86.Build.0 = Release|Any CPU
		{87DA563C-FD8E-4B0A-8C56-86A3B01FBDC1}.Debug|Any CPU.ActiveCfg = Debug|Any CPU
		{87DA563C-FD8E-4B0A-8C56-86A3B01FBDC1}.Debug|Any CPU.Build.0 = Debug|Any CPU
		{87DA563C-FD8E-4B0A-8C56-86A3B01FBDC1}.Debug|x64.ActiveCfg = Debug|Any CPU
		{87DA563C-FD8E-4B0A-8C56-86A3B01FBDC1}.Debug|x64.Build.0 = Debug|Any CPU
		{87DA563C-FD8E-4B0A-8C56-86A3B01FBDC1}.Debug|x86.ActiveCfg = Debug|Any CPU
		{87DA563C-FD8E-4B0A-8C56-86A3B01FBDC1}.Debug|x86.Build.0 = Debug|Any CPU
		{87DA563C-FD8E-4B0A-8C56-86A3B01FBDC1}.Release|Any CPU.ActiveCfg = Release|Any CPU
		{87DA563C-FD8E-4B0A-8C56-86A3B01FBDC1}.Release|Any CPU.Build.0 = Release|Any CPU
		{87DA563C-FD8E-4B0A-8C56-86A3B01FBDC1}.Release|x64.ActiveCfg = Release|Any CPU
		{87DA563C-FD8E-4B0A-8C56-86A3B01FBDC1}.Release|x64.Build.0 = Release|Any CPU
		{87DA563C-FD8E-4B0A-8C56-86A3B01FBDC1}.Release|x86.ActiveCfg = Release|Any CPU
		{87DA563C-FD8E-4B0A-8C56-86A3B01FBDC1}.Release|x86.Build.0 = Release|Any CPU
		{6CEF88A9-726C-4824-9996-E8DE02230929}.Debug|Any CPU.ActiveCfg = Debug|Any CPU
		{6CEF88A9-726C-4824-9996-E8DE02230929}.Debug|Any CPU.Build.0 = Debug|Any CPU
		{6CEF88A9-726C-4824-9996-E8DE02230929}.Debug|x64.ActiveCfg = Debug|Any CPU
		{6CEF88A9-726C-4824-9996-E8DE02230929}.Debug|x64.Build.0 = Debug|Any CPU
		{6CEF88A9-726C-4824-9996-E8DE02230929}.Debug|x86.ActiveCfg = Debug|Any CPU
		{6CEF88A9-726C-4824-9996-E8DE02230929}.Debug|x86.Build.0 = Debug|Any CPU
		{6CEF88A9-726C-4824-9996-E8DE02230929}.Release|Any CPU.ActiveCfg = Release|Any CPU
		{6CEF88A9-726C-4824-9996-E8DE02230929}.Release|Any CPU.Build.0 = Release|Any CPU
		{6CEF88A9-726C-4824-9996-E8DE02230929}.Release|x64.ActiveCfg = Release|Any CPU
		{6CEF88A9-726C-4824-9996-E8DE02230929}.Release|x64.Build.0 = Release|Any CPU
		{6CEF88A9-726C-4824-9996-E8DE02230929}.Release|x86.ActiveCfg = Release|Any CPU
		{6CEF88A9-726C-4824-9996-E8DE02230929}.Release|x86.Build.0 = Release|Any CPU
		{AEA18594-0E3E-457D-AF65-F15955D9C47D}.Debug|Any CPU.ActiveCfg = Debug|Any CPU
		{AEA18594-0E3E-457D-AF65-F15955D9C47D}.Debug|Any CPU.Build.0 = Debug|Any CPU
		{AEA18594-0E3E-457D-AF65-F15955D9C47D}.Debug|x64.ActiveCfg = Debug|Any CPU
		{AEA18594-0E3E-457D-AF65-F15955D9C47D}.Debug|x64.Build.0 = Debug|Any CPU
		{AEA18594-0E3E-457D-AF65-F15955D9C47D}.Debug|x86.ActiveCfg = Debug|Any CPU
		{AEA18594-0E3E-457D-AF65-F15955D9C47D}.Debug|x86.Build.0 = Debug|Any CPU
		{AEA18594-0E3E-457D-AF65-F15955D9C47D}.Release|Any CPU.ActiveCfg = Release|Any CPU
		{AEA18594-0E3E-457D-AF65-F15955D9C47D}.Release|Any CPU.Build.0 = Release|Any CPU
		{AEA18594-0E3E-457D-AF65-F15955D9C47D}.Release|x64.ActiveCfg = Release|Any CPU
		{AEA18594-0E3E-457D-AF65-F15955D9C47D}.Release|x64.Build.0 = Release|Any CPU
		{AEA18594-0E3E-457D-AF65-F15955D9C47D}.Release|x86.ActiveCfg = Release|Any CPU
		{AEA18594-0E3E-457D-AF65-F15955D9C47D}.Release|x86.Build.0 = Release|Any CPU
		{A852509D-ECC7-4DB7-8FA6-68953B0C62EB}.Debug|Any CPU.ActiveCfg = Debug|Any CPU
		{A852509D-ECC7-4DB7-8FA6-68953B0C62EB}.Debug|Any CPU.Build.0 = Debug|Any CPU
		{A852509D-ECC7-4DB7-8FA6-68953B0C62EB}.Debug|x64.ActiveCfg = Debug|Any CPU
		{A852509D-ECC7-4DB7-8FA6-68953B0C62EB}.Debug|x64.Build.0 = Debug|Any CPU
		{A852509D-ECC7-4DB7-8FA6-68953B0C62EB}.Debug|x86.ActiveCfg = Debug|Any CPU
		{A852509D-ECC7-4DB7-8FA6-68953B0C62EB}.Debug|x86.Build.0 = Debug|Any CPU
		{A852509D-ECC7-4DB7-8FA6-68953B0C62EB}.Release|Any CPU.ActiveCfg = Release|Any CPU
		{A852509D-ECC7-4DB7-8FA6-68953B0C62EB}.Release|Any CPU.Build.0 = Release|Any CPU
		{A852509D-ECC7-4DB7-8FA6-68953B0C62EB}.Release|x64.ActiveCfg = Release|Any CPU
		{A852509D-ECC7-4DB7-8FA6-68953B0C62EB}.Release|x64.Build.0 = Release|Any CPU
		{A852509D-ECC7-4DB7-8FA6-68953B0C62EB}.Release|x86.ActiveCfg = Release|Any CPU
		{A852509D-ECC7-4DB7-8FA6-68953B0C62EB}.Release|x86.Build.0 = Release|Any CPU
		{966012B4-187E-40DD-85F6-3FE98EF2DB34}.Debug|Any CPU.ActiveCfg = Debug|Any CPU
		{966012B4-187E-40DD-85F6-3FE98EF2DB34}.Debug|Any CPU.Build.0 = Debug|Any CPU
		{966012B4-187E-40DD-85F6-3FE98EF2DB34}.Debug|x64.ActiveCfg = Debug|Any CPU
		{966012B4-187E-40DD-85F6-3FE98EF2DB34}.Debug|x64.Build.0 = Debug|Any CPU
		{966012B4-187E-40DD-85F6-3FE98EF2DB34}.Debug|x86.ActiveCfg = Debug|Any CPU
		{966012B4-187E-40DD-85F6-3FE98EF2DB34}.Debug|x86.Build.0 = Debug|Any CPU
		{966012B4-187E-40DD-85F6-3FE98EF2DB34}.Release|Any CPU.ActiveCfg = Release|Any CPU
		{966012B4-187E-40DD-85F6-3FE98EF2DB34}.Release|Any CPU.Build.0 = Release|Any CPU
		{966012B4-187E-40DD-85F6-3FE98EF2DB34}.Release|x64.ActiveCfg = Release|Any CPU
		{966012B4-187E-40DD-85F6-3FE98EF2DB34}.Release|x64.Build.0 = Release|Any CPU
		{966012B4-187E-40DD-85F6-3FE98EF2DB34}.Release|x86.ActiveCfg = Release|Any CPU
		{966012B4-187E-40DD-85F6-3FE98EF2DB34}.Release|x86.Build.0 = Release|Any CPU
		{F44D5615-28F7-4043-8144-1338B1CAD2D7}.Debug|Any CPU.ActiveCfg = Debug|Any CPU
		{F44D5615-28F7-4043-8144-1338B1CAD2D7}.Debug|Any CPU.Build.0 = Debug|Any CPU
		{F44D5615-28F7-4043-8144-1338B1CAD2D7}.Debug|x64.ActiveCfg = Debug|Any CPU
		{F44D5615-28F7-4043-8144-1338B1CAD2D7}.Debug|x64.Build.0 = Debug|Any CPU
		{F44D5615-28F7-4043-8144-1338B1CAD2D7}.Debug|x86.ActiveCfg = Debug|Any CPU
		{F44D5615-28F7-4043-8144-1338B1CAD2D7}.Debug|x86.Build.0 = Debug|Any CPU
		{F44D5615-28F7-4043-8144-1338B1CAD2D7}.Release|Any CPU.ActiveCfg = Release|Any CPU
		{F44D5615-28F7-4043-8144-1338B1CAD2D7}.Release|Any CPU.Build.0 = Release|Any CPU
		{F44D5615-28F7-4043-8144-1338B1CAD2D7}.Release|x64.ActiveCfg = Release|Any CPU
		{F44D5615-28F7-4043-8144-1338B1CAD2D7}.Release|x64.Build.0 = Release|Any CPU
		{F44D5615-28F7-4043-8144-1338B1CAD2D7}.Release|x86.ActiveCfg = Release|Any CPU
		{F44D5615-28F7-4043-8144-1338B1CAD2D7}.Release|x86.Build.0 = Release|Any CPU
		{3178EF4B-8E5C-4FAD-B876-12C0F8D11998}.Debug|Any CPU.ActiveCfg = Debug|Any CPU
		{3178EF4B-8E5C-4FAD-B876-12C0F8D11998}.Debug|Any CPU.Build.0 = Debug|Any CPU
		{3178EF4B-8E5C-4FAD-B876-12C0F8D11998}.Debug|x64.ActiveCfg = Debug|Any CPU
		{3178EF4B-8E5C-4FAD-B876-12C0F8D11998}.Debug|x64.Build.0 = Debug|Any CPU
		{3178EF4B-8E5C-4FAD-B876-12C0F8D11998}.Debug|x86.ActiveCfg = Debug|Any CPU
		{3178EF4B-8E5C-4FAD-B876-12C0F8D11998}.Debug|x86.Build.0 = Debug|Any CPU
		{3178EF4B-8E5C-4FAD-B876-12C0F8D11998}.Release|Any CPU.ActiveCfg = Release|Any CPU
		{3178EF4B-8E5C-4FAD-B876-12C0F8D11998}.Release|Any CPU.Build.0 = Release|Any CPU
		{3178EF4B-8E5C-4FAD-B876-12C0F8D11998}.Release|x64.ActiveCfg = Release|Any CPU
		{3178EF4B-8E5C-4FAD-B876-12C0F8D11998}.Release|x64.Build.0 = Release|Any CPU
		{3178EF4B-8E5C-4FAD-B876-12C0F8D11998}.Release|x86.ActiveCfg = Release|Any CPU
		{3178EF4B-8E5C-4FAD-B876-12C0F8D11998}.Release|x86.Build.0 = Release|Any CPU
		{FE7B288A-833E-4294-97D4-9D027C9D48F9}.Debug|Any CPU.ActiveCfg = Debug|Any CPU
		{FE7B288A-833E-4294-97D4-9D027C9D48F9}.Debug|Any CPU.Build.0 = Debug|Any CPU
		{FE7B288A-833E-4294-97D4-9D027C9D48F9}.Debug|x64.ActiveCfg = Debug|Any CPU
		{FE7B288A-833E-4294-97D4-9D027C9D48F9}.Debug|x64.Build.0 = Debug|Any CPU
		{FE7B288A-833E-4294-97D4-9D027C9D48F9}.Debug|x86.ActiveCfg = Debug|Any CPU
		{FE7B288A-833E-4294-97D4-9D027C9D48F9}.Debug|x86.Build.0 = Debug|Any CPU
		{FE7B288A-833E-4294-97D4-9D027C9D48F9}.Release|Any CPU.ActiveCfg = Release|Any CPU
		{FE7B288A-833E-4294-97D4-9D027C9D48F9}.Release|Any CPU.Build.0 = Release|Any CPU
		{FE7B288A-833E-4294-97D4-9D027C9D48F9}.Release|x64.ActiveCfg = Release|Any CPU
		{FE7B288A-833E-4294-97D4-9D027C9D48F9}.Release|x64.Build.0 = Release|Any CPU
		{FE7B288A-833E-4294-97D4-9D027C9D48F9}.Release|x86.ActiveCfg = Release|Any CPU
		{FE7B288A-833E-4294-97D4-9D027C9D48F9}.Release|x86.Build.0 = Release|Any CPU
		{3295767D-7CEE-4326-8B2F-8777B1C44C26}.Debug|Any CPU.ActiveCfg = Debug|Any CPU
		{3295767D-7CEE-4326-8B2F-8777B1C44C26}.Debug|Any CPU.Build.0 = Debug|Any CPU
		{3295767D-7CEE-4326-8B2F-8777B1C44C26}.Debug|x64.ActiveCfg = Debug|Any CPU
		{3295767D-7CEE-4326-8B2F-8777B1C44C26}.Debug|x64.Build.0 = Debug|Any CPU
		{3295767D-7CEE-4326-8B2F-8777B1C44C26}.Debug|x86.ActiveCfg = Debug|Any CPU
		{3295767D-7CEE-4326-8B2F-8777B1C44C26}.Debug|x86.Build.0 = Debug|Any CPU
		{3295767D-7CEE-4326-8B2F-8777B1C44C26}.Release|Any CPU.ActiveCfg = Release|Any CPU
		{3295767D-7CEE-4326-8B2F-8777B1C44C26}.Release|Any CPU.Build.0 = Release|Any CPU
		{3295767D-7CEE-4326-8B2F-8777B1C44C26}.Release|x64.ActiveCfg = Release|Any CPU
		{3295767D-7CEE-4326-8B2F-8777B1C44C26}.Release|x64.Build.0 = Release|Any CPU
		{3295767D-7CEE-4326-8B2F-8777B1C44C26}.Release|x86.ActiveCfg = Release|Any CPU
		{3295767D-7CEE-4326-8B2F-8777B1C44C26}.Release|x86.Build.0 = Release|Any CPU
	EndGlobalSection
	GlobalSection(NestedProjects) = preSolution
		{3295767D-7CEE-4326-8B2F-8777B1C44C26} = {406A443D-A106-40CA-8140-EF9AAE808E30}
		{FE7B288A-833E-4294-97D4-9D027C9D48F9} = {406A443D-A106-40CA-8140-EF9AAE808E30}
		{3178EF4B-8E5C-4FAD-B876-12C0F8D11998} = {849F5B07-3FEB-4BA3-8839-519C2C0A1501}
		{849F5B07-3FEB-4BA3-8839-519C2C0A1501} = {F1BB6A74-74F6-40E6-BE40-FAF59729FA11}
		{966012B4-187E-40DD-85F6-3FE98EF2DB34} = {8C5E7223-2768-48D3-81A4-4642D4100F4E}
		{F44D5615-28F7-4043-8144-1338B1CAD2D7} = {8C5E7223-2768-48D3-81A4-4642D4100F4E}
		{A852509D-ECC7-4DB7-8FA6-68953B0C62EB} = {8C5E7223-2768-48D3-81A4-4642D4100F4E}
		{AEA18594-0E3E-457D-AF65-F15955D9C47D} = {8C5E7223-2768-48D3-81A4-4642D4100F4E}
		{8C5E7223-2768-48D3-81A4-4642D4100F4E} = {F1BB6A74-74F6-40E6-BE40-FAF59729FA11}
		{6CEF88A9-726C-4824-9996-E8DE02230929} = {7CFEFC7E-C1F9-4EF4-A5ED-5927ADDC4ED0}
		{F9445C95-691C-4E32-A59E-1F630FABE643} = {7CFEFC7E-C1F9-4EF4-A5ED-5927ADDC4ED0}
		{87DA563C-FD8E-4B0A-8C56-86A3B01FBDC1} = {7CFEFC7E-C1F9-4EF4-A5ED-5927ADDC4ED0}
		{7A5D0269-385E-4520-B882-BE72A07AC814} = {7CFEFC7E-C1F9-4EF4-A5ED-5927ADDC4ED0}
		{7CFEFC7E-C1F9-4EF4-A5ED-5927ADDC4ED0} = {F1BB6A74-74F6-40E6-BE40-FAF59729FA11}
		{868B5D3F-68ED-4C83-8BBA-7D4645855EC9} = {D64F443B-A7F2-4FF6-9779-66D64BCD474E}
		{13047EF4-AE5C-4D20-95C4-C26CF952018A} = {F1BB6A74-74F6-40E6-BE40-FAF59729FA11}
		{797624B6-1BB8-4D31-9F48-279B46C0D791} = {13047EF4-AE5C-4D20-95C4-C26CF952018A}
		{D6463B95-D2D1-4312-A54F-39B651457265} = {13047EF4-AE5C-4D20-95C4-C26CF952018A}
		{EC374E9F-9B2F-4DAC-BFF7-6D4EC5195B5D} = {13047EF4-AE5C-4D20-95C4-C26CF952018A}
		{F3102CCC-FEE5-4F84-8B7A-276FD69DEB6B} = {13047EF4-AE5C-4D20-95C4-C26CF952018A}
		{F1BB6A74-74F6-40E6-BE40-FAF59729FA11} = {D64F443B-A7F2-4FF6-9779-66D64BCD474E}
		{60E46B19-1DEF-44CD-885A-009B5B47F160} = {868B5D3F-68ED-4C83-8BBA-7D4645855EC9}
		{8BEC0345-9B10-4481-B3F9-DACE6A9020CF} = {868B5D3F-68ED-4C83-8BBA-7D4645855EC9}
	EndGlobalSection
EndGlobal
